
Microsoft Visual Studio Solution File, Format Version 12.00
# Visual Studio Version 16
VisualStudioVersion = 16.0.29009.5
MinimumVisualStudioVersion = 10.0.40219.1
Project("{FAE04EC0-301F-11D3-BF4B-00C04F79EFBC}") = "MasterApp", "MasterApp.csproj", "{C509DCB0-A1A1-419D-8509-517F14881B59}"
EndProject
Global
	GlobalSection(SolutionConfigurationPlatforms) = preSolution
		Debug|Any CPU = Debug|Any CPU
		Release|Any CPU = Release|Any CPU
	EndGlobalSection
	GlobalSection(ProjectConfigurationPlatforms) = postSolution
		{C509DCB0-A1A1-419D-8509-517F14881B59}.Debug|Any CPU.ActiveCfg = Debug|Any CPU
		{C509DCB0-A1A1-419D-8509-517F14881B59}.Debug|Any CPU.Build.0 = Debug|Any CPU
		{C509DCB0-A1A1-419D-8509-517F14881B59}.Release|Any CPU.ActiveCfg = Release|Any CPU
		{C509DCB0-A1A1-419D-8509-517F14881B59}.Release|Any CPU.Build.0 = Release|Any CPU
	EndGlobalSection
	GlobalSection(SolutionProperties) = preSolution
		HideSolutionNode = FALSE
	EndGlobalSection
	GlobalSection(ExtensibilityGlobals) = postSolution
		SolutionGuid = {EBEA30A8-6AEC-4E12-8989-5A5ED12D1CBD}
	EndGlobalSection
EndGlobal
